
Microsoft Visual Studio Solution File, Format Version 12.00
# Visual Studio Version 17
VisualStudioVersion = 17.3.32825.248
MinimumVisualStudioVersion = 10.0.40219.1
Project("{888888A0-9F3D-457C-B088-3A5042F75D52}") = "pov7", "pov7\pov7.pyproj", "{5E7666F0-E084-48BD-8A40-9B9D1129A4C7}"
EndProject
Global
	GlobalSection(SolutionConfigurationPlatforms) = preSolution
		Debug|Any CPU = Debug|Any CPU
		Release|Any CPU = Release|Any CPU
	EndGlobalSection
	GlobalSection(ProjectConfigurationPlatforms) = postSolution
		{5E7666F0-E084-48BD-8A40-9B9D1129A4C7}.Debug|Any CPU.ActiveCfg = Debug|Any CPU
		{5E7666F0-E084-48BD-8A40-9B9D1129A4C7}.Release|Any CPU.ActiveCfg = Release|Any CPU
	EndGlobalSection
	GlobalSection(SolutionProperties) = preSolution
		HideSolutionNode = FALSE
	EndGlobalSection
	GlobalSection(ExtensibilityGlobals) = postSolution
		SolutionGuid = {EF16F2F4-A0CC-4858-ABCF-4ED6AE098754}
	EndGlobalSection
EndGlobal
